{
  "version": 4,
  "terraform_version": "1.14.3",
  "serial": 3,
  "lineage": "9dbacb37-c3a2-ec7e-495f-fd5dc82c0052",
  "outputs": {},
  "resources": [
    {
      "mode": "managed",
      "type": "kubernetes_namespace_v1",
      "name": "app",
      "provider": "provider[\"registry.terraform.io/hashicorp/kubernetes\"]",
      "instances": [
        {
          "schema_version": 0,
          "attributes": {
            "id": "app",
            "metadata": [
              {
                "annotations": null,
                "generate_name": "",
                "generation": 0,
                "labels": null,
                "name": "app",
                "resource_version": "471",
                "uid": "c8fca5d5-4391-4384-ba12-88afc88727a6"
              }
            ],
            "timeouts": null,
            "wait_for_default_service_account": false
          },
          "sensitive_attributes": [],
          "identity_schema_version": 1,
          "identity": {
            "api_version": "v1",
            "kind": "Namespace",
            "name": "app"
          },
          "private": "eyJlMmJmYjczMC1lY2FhLTExZTYtOGY4OC0zNDM2M2JjN2M0YzAiOnsiZGVsZXRlIjozMDAwMDAwMDAwMDB9fQ==",
          "dependencies": [
            "minikube_cluster.my_cluster"
          ]
        }
      ]
    },
    {
      "mode": "managed",
      "type": "minikube_cluster",
      "name": "my_cluster",
      "provider": "provider[\"registry.terraform.io/scott-the-programmer/minikube\"]",
      "instances": [
        {
          "schema_version": 0,
          "attributes": {
            "addons": null,
            "apiserver_ips": null,
            "apiserver_name": "minikubeCA",
            "apiserver_names": [],
            "apiserver_port": 8443,
            "auto_pause_interval": 1,
            "auto_update_drivers": true,
            "base_image": "gcr.io/k8s-minikube/kicbase:v0.0.48@sha256:7171c97a51623558720f8e5878e4f4637da093e2f2ed589997bedc6c1549b2b1",
            "binary_mirror": null,
            "cache_images": true,
            "cert_expiration": 1576800,
            "client_certificate": "-----BEGIN CERTIFICATE-----\nMIIDITCCAgmgAwIBAgIBAjANBgkqhkiG9w0BAQsFADAVMRMwEQYDVQQDEwptaW5p\na3ViZUNBMB4XDTI2MDExMzIxMDMwNVoXDTI5MDExMzIxMDMwNVowMTEXMBUGA1UE\nChMOc3lzdGVtOm1hc3RlcnMxFjAUBgNVBAMTDW1pbmlrdWJlLXVzZXIwggEiMA0G\nCSqGSIb3DQEBAQUAA4IBDwAwggEKAoIBAQCcFXHSROQGXCqO1DwKyj46etE3H0TC\npNf4+NTa6EuRksB7dQRaPZPokKnUZzKEr2nmUK1h4oIQueG4Lrh1TjZ3FAP+/Nq+\nHTJEFxKn7MOeQtqu939QuZ81FwyEqwWE3FaSpTlhlcEZHl480unRg/PYcCEnOewF\n/TnAxoHnd1Fe/B/ZjtR1Uw33bOsDKa+PBDmirCy4n4jazB82ZlC7dq+QkMzVw76G\nVgXUPEbK9gl8Eg7J1NpUivkjy0iTipOk5HvzLuKyjUVND3uvmVb4254EbxYDBbCx\n11UUrM7yUKye6q3yAkZXI8YLI3myYs34PuaHYrsb1UwixV7fM1wDwW9VAgMBAAGj\nYDBeMA4GA1UdDwEB/wQEAwIFoDAdBgNVHSUEFjAUBggrBgEFBQcDAQYIKwYBBQUH\nAwIwDAYDVR0TAQH/BAIwADAfBgNVHSMEGDAWgBSSRbMsoqeUXr823bi28j8eev5P\nezANBgkqhkiG9w0BAQsFAAOCAQEAd49tx3yBMI0hgZpd8EVlrd15GWhqelz2VQqk\nP6YS66ujCPJYTtObaM65VYC2Ek3EYh8XdjTkp0FJDTzUEIx+jxAJw+2QszNxrBYc\nHeIGd6EYoWnbDSlPkP53eDxTOo1TjxVl9XTOKblxfnfTseIGil06X/Kt6Y1Rh1k4\n+EoEUiySlOr1vqJOC0r0GMc8iP2zKQR17/qmdgJD2OrBa017LII3tpoSwi6EON78\nfKTD/iDOOtKm8LaOJWTMreu1z9sKjOpkynj8E8BftdBzJ+NtYR3sJC1pNtWcbs8/\neCnLEDa85OcjURUZb1dd8mf6mGt3wnKoLg3O6xE2fCzINJLnVw==\n-----END CERTIFICATE-----\n",
            "client_key": "-----BEGIN RSA PRIVATE KEY-----\nMIIEowIBAAKCAQEAnBVx0kTkBlwqjtQ8Cso+OnrRNx9EwqTX+PjU2uhLkZLAe3UE\nWj2T6JCp1GcyhK9p5lCtYeKCELnhuC64dU42dxQD/vzavh0yRBcSp+zDnkLarvd/\nULmfNRcMhKsFhNxWkqU5YZXBGR5ePNLp0YPz2HAhJznsBf05wMaB53dRXvwf2Y7U\ndVMN92zrAymvjwQ5oqwsuJ+I2swfNmZQu3avkJDM1cO+hlYF1DxGyvYJfBIOydTa\nVIr5I8tIk4qTpOR78y7iso1FTQ97r5lW+NueBG8WAwWwsddVFKzO8lCsnuqt8gJG\nVyPGCyN5smLN+D7mh2K7G9VMIsVe3zNcA8FvVQIDAQABAoIBADWLuc+L6Lox1jvH\nnY2KEk0XozyI0pr/2EPGgadTt9EKClSQMV0P8PUA4/JFMPSKBQeJN+HzxfEdA82e\n4ZMEsPSq/i/06Mn91Ce9zp2jQPzDLKiHqbq042RgMuA0l6EbwetvGT9cE7GdVHED\nXkmNPhNLbGQ7n7fyRmTW9OvGaDjwNn+QG5+pDzX3YjSZVQrVU24+xGMYFwFxjFaP\n8LYaC1Fw/2nq1D0bY9W5xa9NQJu4s4LLhr+l6L448pNm2OZKGGdr+zIg5jQp+s02\nFqIc/ylKfIuIrp2WHJcNJRL17WcpF5t+gdf/y55wsCCIe7bTplt++ViZiTQfsxoe\nmlFqxeUCgYEAzNJ6DfVMJs1EcumwxeFdGM2zg2+B9mgLoVeZUNRaL+gkj5DPr/9j\nx8y7Vm0YXAWKUTmcLUvGYQ4yR2PlikRa3UMbwrFMmghgaaN3XPCXRLIoXDnpMlYE\n8DrF1tYWxyhr7sfz/gB0rXuBICnT0vs+3aJ2qhfta19FgI7d8eCx6ecCgYEAwxVl\n+DRMvLRe3w4rwFrzCcpvyi60f1X45BK+Bf53suQeNcoaWO0tawETKH1CRvxij7GA\n3ABHEPAbGKktlw5oXR5+1UlFOEPfk63dun52OsHPVHsRA7CtH9M4sBQtDGFpzGZk\nEzoNI/HcafBN5J801M+uyWlB3eXu2VE2uStqzWMCgYEApLWFjX/7MyDSsI4Yp6hp\nUy7n8wRSwLI+2Ao3snZx6CCIdiL/wQphVSTgacnlUurpphPr8ckDyLy/1gURa7U4\nVMJIqrIlZaDi11CrBkQ7gPS73B591wqxgfXhbrhPLOzmjuig31vCeFffKNw6CWod\nzeF+B56iQDwnChDZjk8hA3UCgYABncjFgLFuEtSCZpyoMFi5KQs6Ep7+Oxkf0qPu\nashVHBy/91e2iuiIbW7aNAd7jRXH+QGHUR1Fn6ep0aUGDmGA/AKzA7NmHvHYSGWA\n6RFTtU1hds+SR0F39QkQNGqXIqt8vRBxNFbtiFB6NDqA/WyzorDhDFU2YHRVKp4Y\ndKqi3wKBgDf3k2xobAFxhPylM90l5JF/adPIw7eBoJ7+qbTe5dQUvCnE3AOb+bW9\nVlIuSoY9dQ3mrDlJh5vWYhw0iLB2TLRJvsI2R6sTr/warwofDsSDf8yhCv/HNJuA\nJDrnnTXRMMHUHAV+ns0wYDCNIN1dI25dUGSOZdI4I8N4ivznofD5\n-----END RSA PRIVATE KEY-----\n",
            "cluster_ca_certificate": "-----BEGIN CERTIFICATE-----\nMIIDBjCCAe6gAwIBAgIBATANBgkqhkiG9w0BAQsFADAVMRMwEQYDVQQDEwptaW5p\na3ViZUNBMB4XDTI2MDExMjIxNTUwNVoXDTM2MDExMTIxNTUwNVowFTETMBEGA1UE\nAxMKbWluaWt1YmVDQTCCASIwDQYJKoZIhvcNAQEBBQADggEPADCCAQoCggEBAODH\nVD66O08G2ASkyT7b4LQgM8cP2P7WhodDIHy2as8hxOXyTxHuG0diSxzmK6iuxdHY\nouwU7gQf4A57q5AYpLIC0OyGT7q2iiWBcSjT/+gIq5eFXwhzJZst/o9+qeWqHbsx\ne7Vl49Mtgsw4tGAME+CO8n70Kr72viBMV8lwGqxI8zsTko+KJjyLq8HZzpwckPIx\nKobuMBowxlWpif3gh+h8o29AAqFAClcEKU1/HnzFOXisGdHZ487mqtji1Y5l1DTp\n/8s/cOToRmVLfEVNrLh63N2u34TsckvfXFR/zscfe4ImmrXFEa9PSbklInsicwXd\nwc7zWAjWcWJJOswIHN0CAwEAAaNhMF8wDgYDVR0PAQH/BAQDAgKkMB0GA1UdJQQW\nMBQGCCsGAQUFBwMCBggrBgEFBQcDATAPBgNVHRMBAf8EBTADAQH/MB0GA1UdDgQW\nBBSSRbMsoqeUXr823bi28j8eev5PezANBgkqhkiG9w0BAQsFAAOCAQEAd8+u2eVf\nK1phMicHVDdBHC6biyzxqNnDs+wUrvJdOCLeWS5JGl7xDxFzvF4Qk80QPvIFT/TZ\nkHa7lPQ4HmZ+USP4GRMUk/zAt7JUfetCGWin7VyxFKNfxx6tEZB7eUXLFEXXIkbF\n2SSDPI4EL/B3ch5iWZ0a3AJSduUJ1WwFt303DPLBGVp6yFhLz7q/hGKoz32PxWQK\nSyAp9PPpX6zhnDwaKX1ALkjzlHLOfy7gS8iAW38Oj+T65/i80R4ns0uS2pQ88qPq\nA3j3y3sNkLYM0OccDzbnvhO4aGK9BUnu1gy1i/w0RAKx65uSVr3/cPOxCjXI/7mC\nJY6wnhMeS+Vkkg==\n-----END CERTIFICATE-----\n",
            "cluster_name": "xiaomi",
            "cni": "",
            "container_runtime": "docker",
            "cpus": "2",
            "cri_socket": "",
            "delete_on_failure": false,
            "disable_coredns_log": false,
            "disable_driver_mounts": false,
            "disable_metrics": false,
            "disable_optimizations": false,
            "disk_size": "20000mb",
            "dns_domain": "cluster.local",
            "dns_proxy": false,
            "docker_env": null,
            "docker_opt": null,
            "download_only": false,
            "driver": "docker",
            "dry_run": false,
            "embed_certs": false,
            "extra_config": null,
            "extra_disks": 0,
            "feature_gates": "",
            "force": false,
            "force_systemd": false,
            "gpus": null,
            "ha": false,
            "host": "https://192.168.49.2:8443",
            "host_dns_resolver": true,
            "host_only_cidr": "192.168.59.1/24",
            "host_only_nic_type": "virtio",
            "hyperkit_vpnkit_sock": "",
            "hyperkit_vsock_ports": [],
            "hyperv_external_adapter": "",
            "hyperv_use_external_switch": false,
            "hyperv_virtual_switch": "",
            "id": "xiaomi",
            "image_mirror_country": null,
            "image_repository": "",
            "insecure_registry": [],
            "install_addons": true,
            "interactive": true,
            "iso_url": [
              "https://github.com/kubernetes/minikube/releases/download/v1.37.0/minikube-v1.37.0-amd64.iso"
            ],
            "keep_context": false,
            "kubernetes_version": null,
            "kvm_gpu": false,
            "kvm_hidden": false,
            "kvm_network": "default",
            "kvm_numa_count": 1,
            "kvm_qemu_uri": "qemu:///system",
            "listen_address": "",
            "memory": "4096mb",
            "mount": false,
            "mount_9p_version": "9p2000.L",
            "mount_gid": "docker",
            "mount_ip": null,
            "mount_msize": 262144,
            "mount_options": null,
            "mount_port": 0,
            "mount_string": "/home:/minikube-host",
            "mount_type": "9p",
            "mount_uid": "docker",
            "namespace": "default",
            "nat_nic_type": "virtio",
            "native_ssh": true,
            "network": "",
            "nfs_share": [],
            "nfs_shares_root": "/nfsshares",
            "no_kubernetes": false,
            "no_vtx_check": false,
            "nodes": 3,
            "output": "text",
            "ports": [],
            "preload": true,
            "qemu_firmware_path": null,
            "registry_mirror": [],
            "service_cluster_ip_range": "10.96.0.0/12",
            "socket_vmnet_client_path": "/usr/local/opt/socket_vmnet/bin/socket_vmnet_client",
            "socket_vmnet_path": "/usr/local/var/run/socket_vmnet",
            "ssh_ip_address": "",
            "ssh_key": "",
            "ssh_port": 22,
            "ssh_user": "root",
            "static_ip": null,
            "subnet": null,
            "trace": null,
            "uuid": "",
            "vm": false,
            "wait": null,
            "wait_timeout": 6
          },
          "sensitive_attributes": [
            [
              {
                "type": "get_attr",
                "value": "client_certificate"
              }
            ],
            [
              {
                "type": "get_attr",
                "value": "client_key"
              }
            ],
            [
              {
                "type": "get_attr",
                "value": "cluster_ca_certificate"
              }
            ]
          ],
          "identity_schema_version": 0,
          "private": "bnVsbA=="
        }
      ]
    }
  ],
  "check_results": null
}
